
Microsoft Visual Studio Solution File, Format Version 12.00
Project("{F2A71F9B-5D33-465A-A702-920D77279786}") = "showperms", "showperms\showperms.fsproj", "{690C4595-A39B-44A9-95A8-B5A307308A3C}"
EndProject
Project("{F2A71F9B-5D33-465A-A702-920D77279786}") = "showpermsOld", "showpermsOld\showpermsOld.fsproj", "{2405DED7-BABE-43E9-B4CB-73AA406B8F35}"
EndProject
Project("{F2A71F9B-5D33-465A-A702-920D77279786}") = "DiffResults", "DiffResults\DiffResults.fsproj", "{73C43578-9E0D-444B-A4A6-9F2375EE70F5}"
EndProject
Project("{F2A71F9B-5D33-465A-A702-920D77279786}") = "DiffTest", "DiffTest\DiffTest.fsproj", "{2D6C87E0-6617-4489-98B5-58172C4DF835}"
EndProject
Global
	GlobalSection(SolutionConfigurationPlatforms) = preSolution
		Debug|Any CPU = Debug|Any CPU
		Release|Any CPU = Release|Any CPU
	EndGlobalSection
	GlobalSection(ProjectConfigurationPlatforms) = postSolution
		{690C4595-A39B-44A9-95A8-B5A307308A3C}.Debug|Any CPU.ActiveCfg = Debug|Any CPU
		{690C4595-A39B-44A9-95A8-B5A307308A3C}.Debug|Any CPU.Build.0 = Debug|Any CPU
		{690C4595-A39B-44A9-95A8-B5A307308A3C}.Release|Any CPU.ActiveCfg = Release|Any CPU
		{690C4595-A39B-44A9-95A8-B5A307308A3C}.Release|Any CPU.Build.0 = Release|Any CPU
		{2405DED7-BABE-43E9-B4CB-73AA406B8F35}.Debug|Any CPU.ActiveCfg = Debug|Any CPU
		{2405DED7-BABE-43E9-B4CB-73AA406B8F35}.Debug|Any CPU.Build.0 = Debug|Any CPU
		{2405DED7-BABE-43E9-B4CB-73AA406B8F35}.Release|Any CPU.ActiveCfg = Release|Any CPU
		{2405DED7-BABE-43E9-B4CB-73AA406B8F35}.Release|Any CPU.Build.0 = Release|Any CPU
		{73C43578-9E0D-444B-A4A6-9F2375EE70F5}.Debug|Any CPU.ActiveCfg = Debug|Any CPU
		{73C43578-9E0D-444B-A4A6-9F2375EE70F5}.Debug|Any CPU.Build.0 = Debug|Any CPU
		{73C43578-9E0D-444B-A4A6-9F2375EE70F5}.Release|Any CPU.ActiveCfg = Release|Any CPU
		{73C43578-9E0D-444B-A4A6-9F2375EE70F5}.Release|Any CPU.Build.0 = Release|Any CPU
		{2D6C87E0-6617-4489-98B5-58172C4DF835}.Debug|Any CPU.ActiveCfg = Debug|Any CPU
		{2D6C87E0-6617-4489-98B5-58172C4DF835}.Debug|Any CPU.Build.0 = Debug|Any CPU
		{2D6C87E0-6617-4489-98B5-58172C4DF835}.Release|Any CPU.ActiveCfg = Release|Any CPU
		{2D6C87E0-6617-4489-98B5-58172C4DF835}.Release|Any CPU.Build.0 = Release|Any CPU
	EndGlobalSection
EndGlobal
